// !$*UTF8*$!
{
	archiveVersion = 1;
	classes = {
	};
	objectVersion = 50;
	objects = {

/* Begin PBXBuildFile section */
		9B2DF6E52729AA1200D1D5C8 /* AppDelegate.swift in Sources */ = {isa = PBXBuildFile; fileRef = 9B2DF6E42729AA1200D1D5C8 /* AppDelegate.swift */; };
		9B2DF6E72729AA1200D1D5C8 /* SceneDelegate.swift in Sources */ = {isa = PBXBuildFile; fileRef = 9B2DF6E62729AA1200D1D5C8 /* SceneDelegate.swift */; };
		9B2DF6E92729AA1200D1D5C8 /* ViewController.swift in Sources */ = {isa = PBXBuildFile; fileRef = 9B2DF6E82729AA1200D1D5C8 /* ViewController.swift */; };
		9B2DF6EC2729AA1200D1D5C8 /* Main.storyboard in Resources */ = {isa = PBXBuildFile; fileRef = 9B2DF6EA2729AA1200D1D5C8 /* Main.storyboard */; };
		9B2DF6EF2729AA1200D1D5C8 /* ClickerNew.xcdatamodeld in Sources */ = {isa = PBXBuildFile; fileRef = 9B2DF6ED2729AA1200D1D5C8 /* ClickerNew.xcdatamodeld */; };
		9B2DF6F12729AA1300D1D5C8 /* Assets.xcassets in Resources */ = {isa = PBXBuildFile; fileRef = 9B2DF6F02729AA1300D1D5C8 /* Assets.xcassets */; };
		9B2DF6F42729AA1300D1D5C8 /* LaunchScreen.storyboard in Resources */ = {isa = PBXBuildFile; fileRef = 9B2DF6F22729AA1300D1D5C8 /* LaunchScreen.storyboard */; };
/* End PBXBuildFile section */

/* Begin PBXFileReference section */
		9B2DF6E12729AA1200D1D5C8 /* ClickerNew.app */ = {isa = PBXFileReference; explicitFileType = wrapper.application; includeInIndex = 0; path = ClickerNew.app; sourceTree = BUILT_PRODUCTS_DIR; };
		9B2DF6E42729AA1200D1D5C8 /* AppDelegate.swift */ = {isa = PBXFileReference; lastKnownFileType = sourcecode.swift; path = AppDelegate.swift; sourceTree = "<group>"; };
		9B2DF6E62729AA1200D1D5C8 /* SceneDelegate.swift */ = {isa = PBXFileReference; lastKnownFileType = sourcecode.swift; path = SceneDelegate.swift; sourceTree = "<group>"; };
		9B2DF6E82729AA1200D1D5C8 /* ViewController.swift */ = {isa = PBXFileReference; lastKnownFileType = sourcecode.swift; path = ViewController.swift; sourceTree = "<group>"; };
		9B2DF6EB2729AA1200D1D5C8 /* Base */ = {isa = PBXFileReference; lastKnownFileType = file.storyboard; name = Base; path = Base.lproj/Main.storyboard; sourceTree = "<group>"; };
		9B2DF6EE2729AA1200D1D5C8 /* ClickerNew.xcdatamodel */ = {isa = PBXFileReference; lastKnownFileType = wrapper.xcdatamodel; path = ClickerNew.xcdatamodel; sourceTree = "<group>"; };
		9B2DF6F02729AA1300D1D5C8 /* Assets.xcassets */ = {isa = PBXFileReference; lastKnownFileType = folder.assetcatalog; path = Assets.xcassets; sourceTree = "<group>"; };
		9B2DF6F32729AA1300D1D5C8 /* Base */ = {isa = PBXFileReference; lastKnownFileType = file.storyboard; name = Base; path = Base.lproj/LaunchScreen.storyboard; sourceTree = "<group>"; };
		9B2DF6F52729AA1300D1D5C8 /* Info.plist */ = {isa = PBXFileReference; lastKnownFileType = text.plist.xml; path = Info.plist; sourceTree = "<group>"; };
/* End PBXFileReference section */

/* Begin PBXFrameworksBuildPhase section */
		9B2DF6DE2729AA1200D1D5C8 /* Frameworks */ = {
			isa = PBXFrameworksBuildPhase;
			buildActionMask = 2147483647;
			files = (
			);
			runOnlyForDeploymentPostprocessing = 0;
		};
/* End PBXFrameworksBuildPhase section */

/* Begin PBXGroup section */
		9B2DF6D82729AA1200D1D5C8 = {
			isa = PBXGroup;
			children = (
				9B2DF6E32729AA1200D1D5C8 /* ClickerNew */,
				9B2DF6E22729AA1200D1D5C8 /* Products */,
			);
			sourceTree = "<group>";
		};
		9B2DF6E22729AA1200D1D5C8 /* Products */ = {
			isa = PBXGroup;
			children = (
				9B2DF6E12729AA1200D1D5C8 /* ClickerNew.app */,
			);
			name = Products;
			sourceTree = "<group>";
		};
		9B2DF6E32729AA1200D1D5C8 /* ClickerNew */ = {
			isa = PBXGroup;
			children = (
				9B2DF6E42729AA1200D1D5C8 /* AppDelegate.swift */,
				9B2DF6E62729AA1200D1D5C8 /* SceneDelegate.swift */,
				9B2DF6E82729AA1200D1D5C8 /* ViewController.swift */,
				9B2DF6EA2729AA1200D1D5C8 /* Main.storyboard */,
				9B2DF6F02729AA1300D1D5C8 /* Assets.xcassets */,
				9B2DF6F22729AA1300D1D5C8 /* LaunchScreen.storyboard */,
				9B2DF6F52729AA1300D1D5C8 /* Info.plist */,
				9B2DF6ED2729AA1200D1D5C8 /* ClickerNew.xcdatamodeld */,
			);
			path = ClickerNew;
			sourceTree = "<group>";
		};
/* End PBXGroup section */

/* Begin PBXNativeTarget section */
		9B2DF6E02729AA1200D1D5C8 /* ClickerNew */ = {
			isa = PBXNativeTarget;
			buildConfigurationList = 9B2DF6F82729AA1300D1D5C8 /* Build configuration list for PBXNativeTarget "ClickerNew" */;
			buildPhases = (
				9B2DF6DD2729AA1200D1D5C8 /* Sources */,
				9B2DF6DE2729AA1200D1D5C8 /* Frameworks */,
				9B2DF6DF2729AA1200D1D5C8 /* Resources */,
			);
			buildRules = (
			);
			dependencies = (
			);
			name = ClickerNew;
			productName = ClickerNew;
			productReference = 9B2DF6E12729AA1200D1D5C8 /* ClickerNew.app */;
			productType = "com.apple.product-type.application";
		};
/* End PBXNativeTarget section */

/* Begin PBXProject section */
		9B2DF6D92729AA1200D1D5C8 /* Project object */ = {
			isa = PBXProject;
			attributes = {
				LastSwiftUpdateCheck = 1170;
				LastUpgradeCheck = 1170;
				ORGANIZATIONNAME = "Jasper Beede";
				TargetAttributes = {
					9B2DF6E02729AA1200D1D5C8 = {
						CreatedOnToolsVersion = 11.7;
					};
				};
			};
			buildConfigurationList = 9B2DF6DC2729AA1200D1D5C8 /* Build configuration list for PBXProject "ClickerNew" */;
			compatibilityVersion = "Xcode 9.3";
			developmentRegion = en;
			hasScannedForEncodings = 0;
			knownRegions = (
				en,
				Base,
			);
			mainGroup = 9B2DF6D82729AA1200D1D5C8;
			productRefGroup = 9B2DF6E22729AA1200D1D5C8 /* Products */;
			projectDirPath = "";
			projectRoot = "";
			targets = (
				9B2DF6E02729AA1200D1D5C8 /* ClickerNew */,
			);
		};
/* End PBXProject section */

/* Begin PBXResourcesBuildPhase section */
		9B2DF6DF2729AA1200D1D5C8 /* Resources */ = {
			isa = PBXResourcesBuildPhase;
			buildActionMask = 2147483647;
			files = (
				9B2DF6F42729AA1300D1D5C8 /* LaunchScreen.storyboard in Resources */,
				9B2DF6F12729AA1300D1D5C8 /* Assets.xcassets in Resources */,
				9B2DF6EC2729AA1200D1D5C8 /* Main.storyboard in Resources */,
			);
			runOnlyForDeploymentPostprocessing = 0;
		};
/* End PBXResourcesBuildPhase section */

/* Begin PBXSourcesBuildPhase section */
		9B2DF6DD2729AA1200D1D5C8 /* Sources */ = {
			isa = PBXSourcesBuildPhase;
			buildActionMask = 2147483647;
			files = (
				9B2DF6E92729AA1200D1D5C8 /* ViewController.swift in Sources */,
				9B2DF6E52729AA1200D1D5C8 /* AppDelegate.swift in Sources */,
				9B2DF6EF2729AA1200D1D5C8 /* ClickerNew.xcdatamodeld in Sources */,
				9B2DF6E72729AA1200D1D5C8 /* SceneDelegate.swift in Sources */,
			);
			runOnlyForDeploymentPostprocessing = 0;
		};
/* End PBXSourcesBuildPhase section */

/* Begin PBXVariantGroup section */
		9B2DF6EA2729AA1200D1D5C8 /* Main.storyboard */ = {
			isa = PBXVariantGroup;
			children = (
				9B2DF6EB2729AA1200D1D5C8 /* Base */,
			);
			name = Main.storyboard;
			sourceTree = "<group>";
		};
		9B2DF6F22729AA1300D1D5C8 /* LaunchScreen.storyboard */ = {
			isa = PBXVariantGroup;
			children = (
				9B2DF6F32729AA1300D1D5C8 /* Base */,
			);
			name = LaunchScreen.storyboard;
			sourceTree = "<group>";
		};
/* End PBXVariantGroup section */

/* Begin XCBuildConfiguration section */
		9B2DF6F62729AA1300D1D5C8 /* Debug */ = {
			isa = XCBuildConfiguration;
			buildSettings = {
				ALWAYS_SEARCH_USER_PATHS = NO;
				CLANG_ANALYZER_NONNULL = YES;
				CLANG_ANALYZER_NUMBER_OBJECT_CONVERSION = YES_AGGRESSIVE;
				CLANG_CXX_LANGUAGE_STANDARD = "gnu++14";
				CLANG_CXX_LIBRARY = "libc++";
				CLANG_ENABLE_MODULES = YES;
				CLANG_ENABLE_OBJC_ARC = YES;
				CLANG_ENABLE_OBJC_WEAK = YES;
				CLANG_WARN_BLOCK_CAPTURE_AUTORELEASING = YES;
				CLANG_WARN_BOOL_CONVERSION = YES;
				CLANG_WARN_COMMA = YES;
				CLANG_WARN_CONSTANT_CONVERSION = YES;
				CLANG_WARN_DEPRECATED_OBJC_IMPLEMENTATIONS = YES;
				CLANG_WARN_DIRECT_OBJC_ISA_USAGE = YES_ERROR;
				CLANG_WARN_DOCUMENTATION_COMMENTS = YES;
				CLANG_WARN_EMPTY_BODY = YES;
				CLANG_WARN_ENUM_CONVERSION = YES;
				CLANG_WARN_INFINITE_RECURSION = YES;
				CLANG_WARN_INT_CONVERSION = YES;
				CLANG_WARN_NON_LITERAL_NULL_CONVERSION = YES;
				CLANG_WARN_OBJC_IMPLICIT_RETAIN_SELF = YES;
				CLANG_WARN_OBJC_LITERAL_CONVERSION = YES;
				CLANG_WARN_OBJC_ROOT_CLASS = YES_ERROR;
				CLANG_WARN_RANGE_LOOP_ANALYSIS = YES;
				CLANG_WARN_STRICT_PROTOTYPES = YES;
				CLANG_WARN_SUSPICIOUS_MOVE = YES;
				CLANG_WARN_UNGUARDED_AVAILABILITY = YES_AGGRESSIVE;
				CLANG_WARN_UNREACHABLE_CODE = YES;
				CLANG_WARN__DUPLICATE_METHOD_MATCH = YES;
				COPY_PHASE_STRIP = NO;
				DEBUG_INFORMATION_FORMAT = dwarf;
				ENABLE_STRICT_OBJC_MSGSEND = YES;
				ENABLE_TESTABILITY = YES;
				GCC_C_LANGUAGE_STANDARD = gnu11;
				GCC_DYNAMIC_NO_PIC = NO;
				GCC_NO_COMMON_BLOCKS = YES;
				GCC_OPTIMIZATION_LEVEL = 0;
				GCC_PREPROCESSOR_DEFINITIONS = (
					"DEBUG=1",
					"$(inherited)",
				);
				GCC_WARN_64_TO_32_BIT_CONVERSION = YES;
				GCC_WARN_ABOUT_RETURN_TYPE = YES_ERROR;
				GCC_WARN_UNDECLARED_SELECTOR = YES;
				GCC_WARN_UNINITIALIZED_AUTOS = YES_AGGRESSIVE;
				GCC_WARN_UNUSED_FUNCTION = YES;
				GCC_WARN_UNUSED_VARIABLE = YES;
				IPHONEOS_DEPLOYMENT_TARGET = 13.7;
				MTL_ENABLE_DEBUG_INFO = INCLUDE_SOURCE;
				MTL_FAST_MATH = YES;
				ONLY_ACTIVE_ARCH = YES;
				SDKROOT = iphoneos;
				SWIFT_ACTIVE_COMPILATION_CONDITIONS = DEBUG;
				SWIFT_OPTIMIZATION_LEVEL = "-Onone";
			};
			name = Debug;
		};
		9B2DF6F72729AA1300D1D5C8 /* Release */ = {
			isa = XCBuildConfiguration;
			buildSettings = {
				ALWAYS_SEARCH_USER_PATHS = NO;
				CLANG_ANALYZER_NONNULL = YES;
				CLANG_ANALYZER_NUMBER_OBJECT_CONVERSION = YES_AGGRESSIVE;
				CLANG_CXX_LANGUAGE_STANDARD = "gnu++14";
				CLANG_CXX_LIBRARY = "libc++";
				CLANG_ENABLE_MODULES = YES;
				CLANG_ENABLE_OBJC_ARC = YES;
				CLANG_ENABLE_OBJC_WEAK = YES;
				CLANG_WARN_BLOCK_CAPTURE_AUTORELEASING = YES;
				CLANG_WARN_BOOL_CONVERSION = YES;
				CLANG_WARN_COMMA = YES;
				CLANG_WARN_CONSTANT_CONVERSION = YES;
				CLANG_WARN_DEPRECATED_OBJC_IMPLEMENTATIONS = YES;
				CLANG_WARN_DIRECT_OBJC_ISA_USAGE = YES_ERROR;
				CLANG_WARN_DOCUMENTATION_COMMENTS = YES;
				CLANG_WARN_EMPTY_BODY = YES;
				CLANG_WARN_ENUM_CONVERSION = YES;
				CLANG_WARN_INFINITE_RECURSION = YES;
				CLANG_WARN_INT_CONVERSION = YES;
				CLANG_WARN_NON_LITERAL_NULL_CONVERSION = YES;
				CLANG_WARN_OBJC_IMPLICIT_RETAIN_SELF = YES;
				CLANG_WARN_OBJC_LITERAL_CONVERSION = YES;
				CLANG_WARN_OBJC_ROOT_CLASS = YES_ERROR;
				CLANG_WARN_RANGE_LOOP_ANALYSIS = YES;
				CLANG_WARN_STRICT_PROTOTYPES = YES;
				CLANG_WARN_SUSPICIOUS_MOVE = YES;
				CLANG_WARN_UNGUARDED_AVAILABILITY = YES_AGGRESSIVE;
				CLANG_WARN_UNREACHABLE_CODE = YES;
				CLANG_WARN__DUPLICATE_METHOD_MATCH = YES;
				COPY_PHASE_STRIP = NO;
				DEBUG_INFORMATION_FORMAT = "dwarf-with-dsym";
				ENABLE_NS_ASSERTIONS = NO;
				ENABLE_STRICT_OBJC_MSGSEND = YES;
				GCC_C_LANGUAGE_STANDARD = gnu11;
				GCC_NO_COMMON_BLOCKS = YES;
				GCC_WARN_64_TO_32_BIT_CONVERSION = YES;
				GCC_WARN_ABOUT_RETURN_TYPE = YES_ERROR;
				GCC_WARN_UNDECLARED_SELECTOR = YES;
				GCC_WARN_UNINITIALIZED_AUTOS = YES_AGGRESSIVE;
				GCC_WARN_UNUSED_FUNCTION = YES;
				GCC_WARN_UNUSED_VARIABLE = YES;
				IPHONEOS_DEPLOYMENT_TARGET = 13.7;
				MTL_ENABLE_DEBUG_INFO = NO;
				MTL_FAST_MATH = YES;
				SDKROOT = iphoneos;
				SWIFT_COMPILATION_MODE = wholemodule;
				SWIFT_OPTIMIZATION_LEVEL = "-O";
				VALIDATE_PRODUCT = YES;
			};
			name = Release;
		};
		9B2DF6F92729AA1300D1D5C8 /* Debug */ = {
			isa = XCBuildConfiguration;
			buildSettings = {
				ASSETCATALOG_COMPILER_APPICON_NAME = AppIcon;
				CODE_SIGN_STYLE = Automatic;
				INFOPLIST_FILE = ClickerNew/Info.plist;
				LD_RUNPATH_SEARCH_PATHS = (
					"$(inherited)",
					"@executable_path/Frameworks",
				);
				PRODUCT_BUNDLE_IDENTIFIER = com.beede.jasper.ClickerNew;
				PRODUCT_NAME = "$(TARGET_NAME)";
				SWIFT_VERSION = 5.0;
				TARGETED_DEVICE_FAMILY = "1,2";
			};
			name = Debug;
		};
		9B2DF6FA2729AA1300D1D5C8 /* Release */ = {
			isa = XCBuildConfiguration;
			buildSettings = {
				ASSETCATALOG_COMPILER_APPICON_NAME = AppIcon;
				CODE_SIGN_STYLE = Automatic;
				INFOPLIST_FILE = ClickerNew/Info.plist;
				LD_RUNPATH_SEARCH_PATHS = (
					"$(inherited)",
					"@executable_path/Frameworks",
				);
				PRODUCT_BUNDLE_IDENTIFIER = com.beede.jasper.ClickerNew;
				PRODUCT_NAME = "$(TARGET_NAME)";
				SWIFT_VERSION = 5.0;
				TARGETED_DEVICE_FAMILY = "1,2";
			};
			name = Release;
		};
/* End XCBuildConfiguration section */

/* Begin XCConfigurationList section */
		9B2DF6DC2729AA1200D1D5C8 /* Build configuration list for PBXProject "ClickerNew" */ = {
			isa = XCConfigurationList;
			buildConfigurations = (
				9B2DF6F62729AA1300D1D5C8 /* Debug */,
				9B2DF6F72729AA1300D1D5C8 /* Release */,
			);
			defaultConfigurationIsVisible = 0;
			defaultConfigurationName = Release;
		};
		9B2DF6F82729AA1300D1D5C8 /* Build configuration list for PBXNativeTarget "ClickerNew" */ = {
			isa = XCConfigurationList;
			buildConfigurations = (
				9B2DF6F92729AA1300D1D5C8 /* Debug */,
				9B2DF6FA2729AA1300D1D5C8 /* Release */,
			);
			defaultConfigurationIsVisible = 0;
			defaultConfigurationName = Release;
		};
/* End XCConfigurationList section */

/* Begin XCVersionGroup section */
		9B2DF6ED2729AA1200D1D5C8 /* ClickerNew.xcdatamodeld */ = {
			isa = XCVersionGroup;
			children = (
				9B2DF6EE2729AA1200D1D5C8 /* ClickerNew.xcdatamodel */,
			);
			currentVersion = 9B2DF6EE2729AA1200D1D5C8 /* ClickerNew.xcdatamodel */;
			path = ClickerNew.xcdatamodeld;
			sourceTree = "<group>";
			versionGroupType = wrapper.xcdatamodel;
		};
/* End XCVersionGroup section */
	};
	rootObject = 9B2DF6D92729AA1200D1D5C8 /* Project object */;
}
